// !$*UTF8*$!
{
	archiveVersion = 1;
	classes = {
	};
	objectVersion = 56;
	objects = {

/* Begin PBXBuildFile section */
		335F7DDE28F5801D006E1529 /* iTuneStoreSearchMusicApp.swift in Sources */ = {isa = PBXBuildFile; fileRef = 335F7DDD28F5801D006E1529 /* iTuneStoreSearchMusicApp.swift */; };
		335F7DE028F5801D006E1529 /* SearchView.swift in Sources */ = {isa = PBXBuildFile; fileRef = 335F7DDF28F5801D006E1529 /* SearchView.swift */; };
		335F7DE228F5801F006E1529 /* Assets.xcassets in Resources */ = {isa = PBXBuildFile; fileRef = 335F7DE128F5801F006E1529 /* Assets.xcassets */; };
		335F7DE528F5801F006E1529 /* Preview Assets.xcassets in Resources */ = {isa = PBXBuildFile; fileRef = 335F7DE428F5801F006E1529 /* Preview Assets.xcassets */; };
		335F7DEF28F5801F006E1529 /* iTuneStoreSearchMusicTests.swift in Sources */ = {isa = PBXBuildFile; fileRef = 335F7DEE28F5801F006E1529 /* iTuneStoreSearchMusicTests.swift */; };
		335F7DF928F5801F006E1529 /* iTuneStoreSearchMusicUITests.swift in Sources */ = {isa = PBXBuildFile; fileRef = 335F7DF828F5801F006E1529 /* iTuneStoreSearchMusicUITests.swift */; };
		335F7DFB28F58020006E1529 /* iTuneStoreSearchMusicUITestsLaunchTests.swift in Sources */ = {isa = PBXBuildFile; fileRef = 335F7DFA28F58020006E1529 /* iTuneStoreSearchMusicUITestsLaunchTests.swift */; };
		335F7E0928F583C2006E1529 /* Tracks.swift in Sources */ = {isa = PBXBuildFile; fileRef = 335F7E0828F583C2006E1529 /* Tracks.swift */; };
		335F7E0C28F58564006E1529 /* APIRequest.swift in Sources */ = {isa = PBXBuildFile; fileRef = 335F7E0B28F58564006E1529 /* APIRequest.swift */; };
		335F7E0F28F585D5006E1529 /* Notifivation+Name.swift in Sources */ = {isa = PBXBuildFile; fileRef = 335F7E0E28F585D5006E1529 /* Notifivation+Name.swift */; };
		335F7E1128F5866E006E1529 /* SearchMusicRequest.swift in Sources */ = {isa = PBXBuildFile; fileRef = 335F7E1028F5866E006E1529 /* SearchMusicRequest.swift */; };
		335F7E1428F58D1F006E1529 /* TrackLoader.swift in Sources */ = {isa = PBXBuildFile; fileRef = 335F7E1328F58D1F006E1529 /* TrackLoader.swift */; };
		335F7E1728F58D86006E1529 /* JSONDecode.swift in Sources */ = {isa = PBXBuildFile; fileRef = 335F7E1628F58D86006E1529 /* JSONDecode.swift */; };
		335F7E1A28F597FA006E1529 /* Maffay.json in Resources */ = {isa = PBXBuildFile; fileRef = 335F7E1928F597FA006E1529 /* Maffay.json */; };
		335F7E1C28F685B2006E1529 /* MaffaySmall.json in Resources */ = {isa = PBXBuildFile; fileRef = 335F7E1B28F685B1006E1529 /* MaffaySmall.json */; };
		335F7E1F28F6ACA1006E1529 /* Constants.swift in Sources */ = {isa = PBXBuildFile; fileRef = 335F7E1E28F6ACA1006E1529 /* Constants.swift */; };
		335F7E2428F6BCEB006E1529 /* TracksViewModel.swift in Sources */ = {isa = PBXBuildFile; fileRef = 335F7E2328F6BCEB006E1529 /* TracksViewModel.swift */; };
		335F7E2628F71DED006E1529 /* Collor+AppColor.swift in Sources */ = {isa = PBXBuildFile; fileRef = 335F7E2528F71DED006E1529 /* Collor+AppColor.swift */; };
		335F7E2928F72ADE006E1529 /* TrackListView.swift in Sources */ = {isa = PBXBuildFile; fileRef = 335F7E2828F72ADE006E1529 /* TrackListView.swift */; };
		335F7E2B28F934B7006E1529 /* TrackDetailView.swift in Sources */ = {isa = PBXBuildFile; fileRef = 335F7E2A28F934B7006E1529 /* TrackDetailView.swift */; };
		335F7E2D28F9647B006E1529 /* CoverView.swift in Sources */ = {isa = PBXBuildFile; fileRef = 335F7E2C28F9647B006E1529 /* CoverView.swift */; };
		335F7E3128F98E44006E1529 /* TrackWebView.swift in Sources */ = {isa = PBXBuildFile; fileRef = 335F7E3028F98E44006E1529 /* TrackWebView.swift */; };
		335F7E3328F98EBA006E1529 /* WebView.swift in Sources */ = {isa = PBXBuildFile; fileRef = 335F7E3228F98EBA006E1529 /* WebView.swift */; };
/* End PBXBuildFile section */

/* Begin PBXContainerItemProxy section */
		335F7DEB28F5801F006E1529 /* PBXContainerItemProxy */ = {
			isa = PBXContainerItemProxy;
			containerPortal = 335F7DD228F5801D006E1529 /* Project object */;
			proxyType = 1;
			remoteGlobalIDString = 335F7DD928F5801D006E1529;
			remoteInfo = iTuneStoreSearchMusic;
		};
		335F7DF528F5801F006E1529 /* PBXContainerItemProxy */ = {
			isa = PBXContainerItemProxy;
			containerPortal = 335F7DD228F5801D006E1529 /* Project object */;
			proxyType = 1;
			remoteGlobalIDString = 335F7DD928F5801D006E1529;
			remoteInfo = iTuneStoreSearchMusic;
		};
/* End PBXContainerItemProxy section */

/* Begin PBXFileReference section */
		335F7DDA28F5801D006E1529 /* iTuneStoreSearchMusic.app */ = {isa = PBXFileReference; explicitFileType = wrapper.application; includeInIndex = 0; path = iTuneStoreSearchMusic.app; sourceTree = BUILT_PRODUCTS_DIR; };
		335F7DDD28F5801D006E1529 /* iTuneStoreSearchMusicApp.swift */ = {isa = PBXFileReference; lastKnownFileType = sourcecode.swift; path = iTuneStoreSearchMusicApp.swift; sourceTree = "<group>"; };
		335F7DDF28F5801D006E1529 /* SearchView.swift */ = {isa = PBXFileReference; lastKnownFileType = sourcecode.swift; path = SearchView.swift; sourceTree = "<group>"; };
		335F7DE128F5801F006E1529 /* Assets.xcassets */ = {isa = PBXFileReference; lastKnownFileType = folder.assetcatalog; path = Assets.xcassets; sourceTree = "<group>"; };
		335F7DE428F5801F006E1529 /* Preview Assets.xcassets */ = {isa = PBXFileReference; lastKnownFileType = folder.assetcatalog; path = "Preview Assets.xcassets"; sourceTree = "<group>"; };
		335F7DEA28F5801F006E1529 /* iTuneStoreSearchMusicTests.xctest */ = {isa = PBXFileReference; explicitFileType = wrapper.cfbundle; includeInIndex = 0; path = iTuneStoreSearchMusicTests.xctest; sourceTree = BUILT_PRODUCTS_DIR; };
		335F7DEE28F5801F006E1529 /* iTuneStoreSearchMusicTests.swift */ = {isa = PBXFileReference; lastKnownFileType = sourcecode.swift; path = iTuneStoreSearchMusicTests.swift; sourceTree = "<group>"; };
		335F7DF428F5801F006E1529 /* iTuneStoreSearchMusicUITests.xctest */ = {isa = PBXFileReference; explicitFileType = wrapper.cfbundle; includeInIndex = 0; path = iTuneStoreSearchMusicUITests.xctest; sourceTree = BUILT_PRODUCTS_DIR; };
		335F7DF828F5801F006E1529 /* iTuneStoreSearchMusicUITests.swift */ = {isa = PBXFileReference; lastKnownFileType = sourcecode.swift; path = iTuneStoreSearchMusicUITests.swift; sourceTree = "<group>"; };
		335F7DFA28F58020006E1529 /* iTuneStoreSearchMusicUITestsLaunchTests.swift */ = {isa = PBXFileReference; lastKnownFileType = sourcecode.swift; path = iTuneStoreSearchMusicUITestsLaunchTests.swift; sourceTree = "<group>"; };
		335F7E0828F583C2006E1529 /* Tracks.swift */ = {isa = PBXFileReference; lastKnownFileType = sourcecode.swift; path = Tracks.swift; sourceTree = "<group>"; };
		335F7E0B28F58564006E1529 /* APIRequest.swift */ = {isa = PBXFileReference; lastKnownFileType = sourcecode.swift; path = APIRequest.swift; sourceTree = "<group>"; };
		335F7E0E28F585D5006E1529 /* Notifivation+Name.swift */ = {isa = PBXFileReference; lastKnownFileType = sourcecode.swift; path = "Notifivation+Name.swift"; sourceTree = "<group>"; };
		335F7E1028F5866E006E1529 /* SearchMusicRequest.swift */ = {isa = PBXFileReference; lastKnownFileType = sourcecode.swift; path = SearchMusicRequest.swift; sourceTree = "<group>"; };
		335F7E1328F58D1F006E1529 /* TrackLoader.swift */ = {isa = PBXFileReference; lastKnownFileType = sourcecode.swift; path = TrackLoader.swift; sourceTree = "<group>"; };
		335F7E1628F58D86006E1529 /* JSONDecode.swift */ = {isa = PBXFileReference; fileEncoding = 4; lastKnownFileType = sourcecode.swift; path = JSONDecode.swift; sourceTree = "<group>"; };
		335F7E1928F597FA006E1529 /* Maffay.json */ = {isa = PBXFileReference; fileEncoding = 4; lastKnownFileType = text.json; path = Maffay.json; sourceTree = "<group>"; };
		335F7E1B28F685B1006E1529 /* MaffaySmall.json */ = {isa = PBXFileReference; fileEncoding = 4; lastKnownFileType = text.json; path = MaffaySmall.json; sourceTree = "<group>"; };
		335F7E1E28F6ACA1006E1529 /* Constants.swift */ = {isa = PBXFileReference; lastKnownFileType = sourcecode.swift; path = Constants.swift; sourceTree = "<group>"; };
		335F7E2328F6BCEB006E1529 /* TracksViewModel.swift */ = {isa = PBXFileReference; lastKnownFileType = sourcecode.swift; path = TracksViewModel.swift; sourceTree = "<group>"; };
		335F7E2528F71DED006E1529 /* Collor+AppColor.swift */ = {isa = PBXFileReference; lastKnownFileType = sourcecode.swift; path = "Collor+AppColor.swift"; sourceTree = "<group>"; };
		335F7E2828F72ADE006E1529 /* TrackListView.swift */ = {isa = PBXFileReference; lastKnownFileType = sourcecode.swift; path = TrackListView.swift; sourceTree = "<group>"; };
		335F7E2A28F934B7006E1529 /* TrackDetailView.swift */ = {isa = PBXFileReference; lastKnownFileType = sourcecode.swift; path = TrackDetailView.swift; sourceTree = "<group>"; };
		335F7E2C28F9647B006E1529 /* CoverView.swift */ = {isa = PBXFileReference; lastKnownFileType = sourcecode.swift; path = CoverView.swift; sourceTree = "<group>"; };
		335F7E3028F98E44006E1529 /* TrackWebView.swift */ = {isa = PBXFileReference; lastKnownFileType = sourcecode.swift; path = TrackWebView.swift; sourceTree = "<group>"; };
		335F7E3228F98EBA006E1529 /* WebView.swift */ = {isa = PBXFileReference; lastKnownFileType = sourcecode.swift; path = WebView.swift; sourceTree = "<group>"; };
/* End PBXFileReference section */

/* Begin PBXFrameworksBuildPhase section */
		335F7DD728F5801D006E1529 /* Frameworks */ = {
			isa = PBXFrameworksBuildPhase;
			buildActionMask = 2147483647;
			files = (
			);
			runOnlyForDeploymentPostprocessing = 0;
		};
		335F7DE728F5801F006E1529 /* Frameworks */ = {
			isa = PBXFrameworksBuildPhase;
			buildActionMask = 2147483647;
			files = (
			);
			runOnlyForDeploymentPostprocessing = 0;
		};
		335F7DF128F5801F006E1529 /* Frameworks */ = {
			isa = PBXFrameworksBuildPhase;
			buildActionMask = 2147483647;
			files = (
			);
			runOnlyForDeploymentPostprocessing = 0;
		};
/* End PBXFrameworksBuildPhase section */

/* Begin PBXGroup section */
		335F7DD128F5801D006E1529 = {
			isa = PBXGroup;
			children = (
				335F7DDC28F5801D006E1529 /* iTuneStoreSearchMusic */,
				335F7DED28F5801F006E1529 /* iTuneStoreSearchMusicTests */,
				335F7DF728F5801F006E1529 /* iTuneStoreSearchMusicUITests */,
				335F7DDB28F5801D006E1529 /* Products */,
			);
			sourceTree = "<group>";
		};
		335F7DDB28F5801D006E1529 /* Products */ = {
			isa = PBXGroup;
			children = (
				335F7DDA28F5801D006E1529 /* iTuneStoreSearchMusic.app */,
				335F7DEA28F5801F006E1529 /* iTuneStoreSearchMusicTests.xctest */,
				335F7DF428F5801F006E1529 /* iTuneStoreSearchMusicUITests.xctest */,
			);
			name = Products;
			sourceTree = "<group>";
		};
		335F7DDC28F5801D006E1529 /* iTuneStoreSearchMusic */ = {
			isa = PBXGroup;
			children = (
				335F7E2728F72A9A006E1529 /* View */,
				335F7E1D28F6AC89006E1529 /* Global */,
				335F7E1528F58D72006E1529 /* Parser */,
				335F7E1228F58C6B006E1529 /* Domain */,
				335F7E0D28F5859B006E1529 /* Extensions */,
				335F7E0728F58396006E1529 /* Model */,
				335F7E2028F6BC05006E1529 /* ViewModel */,
				335F7E0A28F58413006E1529 /* Network */,
				335F7DDD28F5801D006E1529 /* iTuneStoreSearchMusicApp.swift */,
				335F7DE128F5801F006E1529 /* Assets.xcassets */,
				335F7DE328F5801F006E1529 /* Preview Content */,
			);
			path = iTuneStoreSearchMusic;
			sourceTree = "<group>";
		};
		335F7DE328F5801F006E1529 /* Preview Content */ = {
			isa = PBXGroup;
			children = (
				335F7DE428F5801F006E1529 /* Preview Assets.xcassets */,
			);
			path = "Preview Content";
			sourceTree = "<group>";
		};
		335F7DED28F5801F006E1529 /* iTuneStoreSearchMusicTests */ = {
			isa = PBXGroup;
			children = (
				335F7E1828F597C7006E1529 /* Ressources */,
				335F7DEE28F5801F006E1529 /* iTuneStoreSearchMusicTests.swift */,
			);
			path = iTuneStoreSearchMusicTests;
			sourceTree = "<group>";
		};
		335F7DF728F5801F006E1529 /* iTuneStoreSearchMusicUITests */ = {
			isa = PBXGroup;
			children = (
				335F7DF828F5801F006E1529 /* iTuneStoreSearchMusicUITests.swift */,
				335F7DFA28F58020006E1529 /* iTuneStoreSearchMusicUITestsLaunchTests.swift */,
			);
			path = iTuneStoreSearchMusicUITests;
			sourceTree = "<group>";
		};
		335F7E0728F58396006E1529 /* Model */ = {
			isa = PBXGroup;
			children = (
				335F7E0828F583C2006E1529 /* Tracks.swift */,
			);
			path = Model;
			sourceTree = "<group>";
		};
		335F7E0A28F58413006E1529 /* Network */ = {
			isa = PBXGroup;
			children = (
				335F7E0B28F58564006E1529 /* APIRequest.swift */,
				335F7E1028F5866E006E1529 /* SearchMusicRequest.swift */,
			);
			path = Network;
			sourceTree = "<group>";
		};
		335F7E0D28F5859B006E1529 /* Extensions */ = {
			isa = PBXGroup;
			children = (
				335F7E0E28F585D5006E1529 /* Notifivation+Name.swift */,
				335F7E2528F71DED006E1529 /* Collor+AppColor.swift */,
			);
			path = Extensions;
			sourceTree = "<group>";
		};
		335F7E1228F58C6B006E1529 /* Domain */ = {
			isa = PBXGroup;
			children = (
				335F7E1328F58D1F006E1529 /* TrackLoader.swift */,
			);
			path = Domain;
			sourceTree = "<group>";
		};
		335F7E1528F58D72006E1529 /* Parser */ = {
			isa = PBXGroup;
			children = (
				335F7E1628F58D86006E1529 /* JSONDecode.swift */,
			);
			path = Parser;
			sourceTree = "<group>";
		};
		335F7E1828F597C7006E1529 /* Ressources */ = {
			isa = PBXGroup;
			children = (
				335F7E1928F597FA006E1529 /* Maffay.json */,
				335F7E1B28F685B1006E1529 /* MaffaySmall.json */,
			);
			path = Ressources;
			sourceTree = "<group>";
		};
		335F7E1D28F6AC89006E1529 /* Global */ = {
			isa = PBXGroup;
			children = (
				335F7E1E28F6ACA1006E1529 /* Constants.swift */,
			);
			path = Global;
			sourceTree = "<group>";
		};
		335F7E2028F6BC05006E1529 /* ViewModel */ = {
			isa = PBXGroup;
			children = (
				335F7E2328F6BCEB006E1529 /* TracksViewModel.swift */,
			);
			path = ViewModel;
			sourceTree = "<group>";
		};
		335F7E2728F72A9A006E1529 /* View */ = {
			isa = PBXGroup;
			children = (
				335F7DDF28F5801D006E1529 /* SearchView.swift */,
				335F7E2828F72ADE006E1529 /* TrackListView.swift */,
				335F7E2A28F934B7006E1529 /* TrackDetailView.swift */,
				335F7E3228F98EBA006E1529 /* WebView.swift */,
				335F7E3028F98E44006E1529 /* TrackWebView.swift */,
				335F7E2C28F9647B006E1529 /* CoverView.swift */,
			);
			path = View;
			sourceTree = "<group>";
		};
/* End PBXGroup section */

/* Begin PBXNativeTarget section */
		335F7DD928F5801D006E1529 /* iTuneStoreSearchMusic */ = {
			isa = PBXNativeTarget;
			buildConfigurationList = 335F7DFE28F58020006E1529 /* Build configuration list for PBXNativeTarget "iTuneStoreSearchMusic" */;
			buildPhases = (
				335F7DD628F5801D006E1529 /* Sources */,
				335F7DD728F5801D006E1529 /* Frameworks */,
				335F7DD828F5801D006E1529 /* Resources */,
			);
			buildRules = (
			);
			dependencies = (
			);
			name = iTuneStoreSearchMusic;
			productName = iTuneStoreSearchMusic;
			productReference = 335F7DDA28F5801D006E1529 /* iTuneStoreSearchMusic.app */;
			productType = "com.apple.product-type.application";
		};
		335F7DE928F5801F006E1529 /* iTuneStoreSearchMusicTests */ = {
			isa = PBXNativeTarget;
			buildConfigurationList = 335F7E0128F58020006E1529 /* Build configuration list for PBXNativeTarget "iTuneStoreSearchMusicTests" */;
			buildPhases = (
				335F7DE628F5801F006E1529 /* Sources */,
				335F7DE728F5801F006E1529 /* Frameworks */,
				335F7DE828F5801F006E1529 /* Resources */,
			);
			buildRules = (
			);
			dependencies = (
				335F7DEC28F5801F006E1529 /* PBXTargetDependency */,
			);
			name = iTuneStoreSearchMusicTests;
			productName = iTuneStoreSearchMusicTests;
			productReference = 335F7DEA28F5801F006E1529 /* iTuneStoreSearchMusicTests.xctest */;
			productType = "com.apple.product-type.bundle.unit-test";
		};
		335F7DF328F5801F006E1529 /* iTuneStoreSearchMusicUITests */ = {
			isa = PBXNativeTarget;
			buildConfigurationList = 335F7E0428F58020006E1529 /* Build configuration list for PBXNativeTarget "iTuneStoreSearchMusicUITests" */;
			buildPhases = (
				335F7DF028F5801F006E1529 /* Sources */,
				335F7DF128F5801F006E1529 /* Frameworks */,
				335F7DF228F5801F006E1529 /* Resources */,
			);
			buildRules = (
			);
			dependencies = (
				335F7DF628F5801F006E1529 /* PBXTargetDependency */,
			);
			name = iTuneStoreSearchMusicUITests;
			productName = iTuneStoreSearchMusicUITests;
			productReference = 335F7DF428F5801F006E1529 /* iTuneStoreSearchMusicUITests.xctest */;
			productType = "com.apple.product-type.bundle.ui-testing";
		};
/* End PBXNativeTarget section */

/* Begin PBXProject section */
		335F7DD228F5801D006E1529 /* Project object */ = {
			isa = PBXProject;
			attributes = {
				BuildIndependentTargetsInParallel = 1;
				LastSwiftUpdateCheck = 1400;
				LastUpgradeCheck = 1400;
				TargetAttributes = {
					335F7DD928F5801D006E1529 = {
						CreatedOnToolsVersion = 14.0.1;
					};
					335F7DE928F5801F006E1529 = {
						CreatedOnToolsVersion = 14.0.1;
						TestTargetID = 335F7DD928F5801D006E1529;
					};
					335F7DF328F5801F006E1529 = {
						CreatedOnToolsVersion = 14.0.1;
						TestTargetID = 335F7DD928F5801D006E1529;
					};
				};
			};
			buildConfigurationList = 335F7DD528F5801D006E1529 /* Build configuration list for PBXProject "iTuneStoreSearchMusic" */;
			compatibilityVersion = "Xcode 14.0";
			developmentRegion = en;
			hasScannedForEncodings = 0;
			knownRegions = (
				en,
				Base,
			);
			mainGroup = 335F7DD128F5801D006E1529;
			productRefGroup = 335F7DDB28F5801D006E1529 /* Products */;
			projectDirPath = "";
			projectRoot = "";
			targets = (
				335F7DD928F5801D006E1529 /* iTuneStoreSearchMusic */,
				335F7DE928F5801F006E1529 /* iTuneStoreSearchMusicTests */,
				335F7DF328F5801F006E1529 /* iTuneStoreSearchMusicUITests */,
			);
		};
/* End PBXProject section */

/* Begin PBXResourcesBuildPhase section */
		335F7DD828F5801D006E1529 /* Resources */ = {
			isa = PBXResourcesBuildPhase;
			buildActionMask = 2147483647;
			files = (
				335F7DE528F5801F006E1529 /* Preview Assets.xcassets in Resources */,
				335F7DE228F5801F006E1529 /* Assets.xcassets in Resources */,
			);
			runOnlyForDeploymentPostprocessing = 0;
		};
		335F7DE828F5801F006E1529 /* Resources */ = {
			isa = PBXResourcesBuildPhase;
			buildActionMask = 2147483647;
			files = (
				335F7E1A28F597FA006E1529 /* Maffay.json in Resources */,
				335F7E1C28F685B2006E1529 /* MaffaySmall.json in Resources */,
			);
			runOnlyForDeploymentPostprocessing = 0;
		};
		335F7DF228F5801F006E1529 /* Resources */ = {
			isa = PBXResourcesBuildPhase;
			buildActionMask = 2147483647;
			files = (
			);
			runOnlyForDeploymentPostprocessing = 0;
		};
/* End PBXResourcesBuildPhase section */

/* Begin PBXSourcesBuildPhase section */
		335F7DD628F5801D006E1529 /* Sources */ = {
			isa = PBXSourcesBuildPhase;
			buildActionMask = 2147483647;
			files = (
				335F7E0928F583C2006E1529 /* Tracks.swift in Sources */,
				335F7E3328F98EBA006E1529 /* WebView.swift in Sources */,
				335F7E1728F58D86006E1529 /* JSONDecode.swift in Sources */,
				335F7E3128F98E44006E1529 /* TrackWebView.swift in Sources */,
				335F7E1128F5866E006E1529 /* SearchMusicRequest.swift in Sources */,
				335F7DE028F5801D006E1529 /* SearchView.swift in Sources */,
				335F7E0C28F58564006E1529 /* APIRequest.swift in Sources */,
				335F7E2B28F934B7006E1529 /* TrackDetailView.swift in Sources */,
				335F7E2628F71DED006E1529 /* Collor+AppColor.swift in Sources */,
				335F7E1428F58D1F006E1529 /* TrackLoader.swift in Sources */,
				335F7E2D28F9647B006E1529 /* CoverView.swift in Sources */,
				335F7DDE28F5801D006E1529 /* iTuneStoreSearchMusicApp.swift in Sources */,
				335F7E0F28F585D5006E1529 /* Notifivation+Name.swift in Sources */,
				335F7E2428F6BCEB006E1529 /* TracksViewModel.swift in Sources */,
				335F7E2928F72ADE006E1529 /* TrackListView.swift in Sources */,
				335F7E1F28F6ACA1006E1529 /* Constants.swift in Sources */,
			);
			runOnlyForDeploymentPostprocessing = 0;
		};
		335F7DE628F5801F006E1529 /* Sources */ = {
			isa = PBXSourcesBuildPhase;
			buildActionMask = 2147483647;
			files = (
				335F7DEF28F5801F006E1529 /* iTuneStoreSearchMusicTests.swift in Sources */,
			);
			runOnlyForDeploymentPostprocessing = 0;
		};
		335F7DF028F5801F006E1529 /* Sources */ = {
			isa = PBXSourcesBuildPhase;
			buildActionMask = 2147483647;
			files = (
				335F7DFB28F58020006E1529 /* iTuneStoreSearchMusicUITestsLaunchTests.swift in Sources */,
				335F7DF928F5801F006E1529 /* iTuneStoreSearchMusicUITests.swift in Sources */,
			);
			runOnlyForDeploymentPostprocessing = 0;
		};
/* End PBXSourcesBuildPhase section */

/* Begin PBXTargetDependency section */
		335F7DEC28F5801F006E1529 /* PBXTargetDependency */ = {
			isa = PBXTargetDependency;
			target = 335F7DD928F5801D006E1529 /* iTuneStoreSearchMusic */;
			targetProxy = 335F7DEB28F5801F006E1529 /* PBXContainerItemProxy */;
		};
		335F7DF628F5801F006E1529 /* PBXTargetDependency */ = {
			isa = PBXTargetDependency;
			target = 335F7DD928F5801D006E1529 /* iTuneStoreSearchMusic */;
			targetProxy = 335F7DF528F5801F006E1529 /* PBXContainerItemProxy */;
		};
/* End PBXTargetDependency section */

/* Begin XCBuildConfiguration section */
		335F7DFC28F58020006E1529 /* Debug */ = {
			isa = XCBuildConfiguration;
			buildSettings = {
				ALWAYS_SEARCH_USER_PATHS = NO;
				CLANG_ANALYZER_NONNULL = YES;
				CLANG_ANALYZER_NUMBER_OBJECT_CONVERSION = YES_AGGRESSIVE;
				CLANG_CXX_LANGUAGE_STANDARD = "gnu++20";
				CLANG_ENABLE_MODULES = YES;
				CLANG_ENABLE_OBJC_ARC = YES;
				CLANG_ENABLE_OBJC_WEAK = YES;
				CLANG_WARN_BLOCK_CAPTURE_AUTORELEASING = YES;
				CLANG_WARN_BOOL_CONVERSION = YES;
				CLANG_WARN_COMMA = YES;
				CLANG_WARN_CONSTANT_CONVERSION = YES;
				CLANG_WARN_DEPRECATED_OBJC_IMPLEMENTATIONS = YES;
				CLANG_WARN_DIRECT_OBJC_ISA_USAGE = YES_ERROR;
				CLANG_WARN_DOCUMENTATION_COMMENTS = YES;
				CLANG_WARN_EMPTY_BODY = YES;
				CLANG_WARN_ENUM_CONVERSION = YES;
				CLANG_WARN_INFINITE_RECURSION = YES;
				CLANG_WARN_INT_CONVERSION = YES;
				CLANG_WARN_NON_LITERAL_NULL_CONVERSION = YES;
				CLANG_WARN_OBJC_IMPLICIT_RETAIN_SELF = YES;
				CLANG_WARN_OBJC_LITERAL_CONVERSION = YES;
				CLANG_WARN_OBJC_ROOT_CLASS = YES_ERROR;
				CLANG_WARN_QUOTED_INCLUDE_IN_FRAMEWORK_HEADER = YES;
				CLANG_WARN_RANGE_LOOP_ANALYSIS = YES;
				CLANG_WARN_STRICT_PROTOTYPES = YES;
				CLANG_WARN_SUSPICIOUS_MOVE = YES;
				CLANG_WARN_UNGUARDED_AVAILABILITY = YES_AGGRESSIVE;
				CLANG_WARN_UNREACHABLE_CODE = YES;
				CLANG_WARN__DUPLICATE_METHOD_MATCH = YES;
				COPY_PHASE_STRIP = NO;
				DEBUG_INFORMATION_FORMAT = dwarf;
				ENABLE_STRICT_OBJC_MSGSEND = YES;
				ENABLE_TESTABILITY = YES;
				GCC_C_LANGUAGE_STANDARD = gnu11;
				GCC_DYNAMIC_NO_PIC = NO;
				GCC_NO_COMMON_BLOCKS = YES;
				GCC_OPTIMIZATION_LEVEL = 0;
				GCC_PREPROCESSOR_DEFINITIONS = (
					"DEBUG=1",
					"$(inherited)",
				);
				GCC_WARN_64_TO_32_BIT_CONVERSION = YES;
				GCC_WARN_ABOUT_RETURN_TYPE = YES_ERROR;
				GCC_WARN_UNDECLARED_SELECTOR = YES;
				GCC_WARN_UNINITIALIZED_AUTOS = YES_AGGRESSIVE;
				GCC_WARN_UNUSED_FUNCTION = YES;
				GCC_WARN_UNUSED_VARIABLE = YES;
				IPHONEOS_DEPLOYMENT_TARGET = 16.0;
				MTL_ENABLE_DEBUG_INFO = INCLUDE_SOURCE;
				MTL_FAST_MATH = YES;
				ONLY_ACTIVE_ARCH = YES;
				SDKROOT = iphoneos;
				SWIFT_ACTIVE_COMPILATION_CONDITIONS = DEBUG;
				SWIFT_OPTIMIZATION_LEVEL = "-Onone";
			};
			name = Debug;
		};
		335F7DFD28F58020006E1529 /* Release */ = {
			isa = XCBuildConfiguration;
			buildSettings = {
				ALWAYS_SEARCH_USER_PATHS = NO;
				CLANG_ANALYZER_NONNULL = YES;
				CLANG_ANALYZER_NUMBER_OBJECT_CONVERSION = YES_AGGRESSIVE;
				CLANG_CXX_LANGUAGE_STANDARD = "gnu++20";
				CLANG_ENABLE_MODULES = YES;
				CLANG_ENABLE_OBJC_ARC = YES;
				CLANG_ENABLE_OBJC_WEAK = YES;
				CLANG_WARN_BLOCK_CAPTURE_AUTORELEASING = YES;
				CLANG_WARN_BOOL_CONVERSION = YES;
				CLANG_WARN_COMMA = YES;
				CLANG_WARN_CONSTANT_CONVERSION = YES;
				CLANG_WARN_DEPRECATED_OBJC_IMPLEMENTATIONS = YES;
				CLANG_WARN_DIRECT_OBJC_ISA_USAGE = YES_ERROR;
				CLANG_WARN_DOCUMENTATION_COMMENTS = YES;
				CLANG_WARN_EMPTY_BODY = YES;
				CLANG_WARN_ENUM_CONVERSION = YES;
				CLANG_WARN_INFINITE_RECURSION = YES;
				CLANG_WARN_INT_CONVERSION = YES;
				CLANG_WARN_NON_LITERAL_NULL_CONVERSION = YES;
				CLANG_WARN_OBJC_IMPLICIT_RETAIN_SELF = YES;
				CLANG_WARN_OBJC_LITERAL_CONVERSION = YES;
				CLANG_WARN_OBJC_ROOT_CLASS = YES_ERROR;
				CLANG_WARN_QUOTED_INCLUDE_IN_FRAMEWORK_HEADER = YES;
				CLANG_WARN_RANGE_LOOP_ANALYSIS = YES;
				CLANG_WARN_STRICT_PROTOTYPES = YES;
				CLANG_WARN_SUSPICIOUS_MOVE = YES;
				CLANG_WARN_UNGUARDED_AVAILABILITY = YES_AGGRESSIVE;
				CLANG_WARN_UNREACHABLE_CODE = YES;
				CLANG_WARN__DUPLICATE_METHOD_MATCH = YES;
				COPY_PHASE_STRIP = NO;
				DEBUG_INFORMATION_FORMAT = "dwarf-with-dsym";
				ENABLE_NS_ASSERTIONS = NO;
				ENABLE_STRICT_OBJC_MSGSEND = YES;
				GCC_C_LANGUAGE_STANDARD = gnu11;
				GCC_NO_COMMON_BLOCKS = YES;
				GCC_WARN_64_TO_32_BIT_CONVERSION = YES;
				GCC_WARN_ABOUT_RETURN_TYPE = YES_ERROR;
				GCC_WARN_UNDECLARED_SELECTOR = YES;
				GCC_WARN_UNINITIALIZED_AUTOS = YES_AGGRESSIVE;
				GCC_WARN_UNUSED_FUNCTION = YES;
				GCC_WARN_UNUSED_VARIABLE = YES;
				IPHONEOS_DEPLOYMENT_TARGET = 16.0;
				MTL_ENABLE_DEBUG_INFO = NO;
				MTL_FAST_MATH = YES;
				SDKROOT = iphoneos;
				SWIFT_COMPILATION_MODE = wholemodule;
				SWIFT_OPTIMIZATION_LEVEL = "-O";
				VALIDATE_PRODUCT = YES;
			};
			name = Release;
		};
		335F7DFF28F58020006E1529 /* Debug */ = {
			isa = XCBuildConfiguration;
			buildSettings = {
				ASSETCATALOG_COMPILER_APPICON_NAME = AppIcon;
				ASSETCATALOG_COMPILER_GLOBAL_ACCENT_COLOR_NAME = AccentColor;
				CODE_SIGN_STYLE = Automatic;
				CURRENT_PROJECT_VERSION = 1;
				DEVELOPMENT_ASSET_PATHS = "\"iTuneStoreSearchMusic/Preview Content\"";
				ENABLE_PREVIEWS = YES;
				GENERATE_INFOPLIST_FILE = YES;
				INFOPLIST_KEY_UIApplicationSceneManifest_Generation = YES;
				INFOPLIST_KEY_UIApplicationSupportsIndirectInputEvents = YES;
				INFOPLIST_KEY_UILaunchScreen_Generation = YES;
				INFOPLIST_KEY_UISupportedInterfaceOrientations_iPad = "UIInterfaceOrientationPortrait UIInterfaceOrientationPortraitUpsideDown UIInterfaceOrientationLandscapeLeft UIInterfaceOrientationLandscapeRight";
				INFOPLIST_KEY_UISupportedInterfaceOrientations_iPhone = "UIInterfaceOrientationPortrait UIInterfaceOrientationLandscapeLeft UIInterfaceOrientationLandscapeRight";
				IPHONEOS_DEPLOYMENT_TARGET = 15.0;
				LD_RUNPATH_SEARCH_PATHS = (
					"$(inherited)",
					"@executable_path/Frameworks",
				);
				MARKETING_VERSION = 1.0;
				PRODUCT_BUNDLE_IDENTIFIER = com.Leo.iTuneStoreSearchMusic;
				PRODUCT_NAME = "$(TARGET_NAME)";
				SWIFT_EMIT_LOC_STRINGS = YES;
				SWIFT_VERSION = 5.0;
				TARGETED_DEVICE_FAMILY = "1,2";
			};
			name = Debug;
		};
		335F7E0028F58020006E1529 /* Release */ = {
			isa = XCBuildConfiguration;
			buildSettings = {
				ASSETCATALOG_COMPILER_APPICON_NAME = AppIcon;
				ASSETCATALOG_COMPILER_GLOBAL_ACCENT_COLOR_NAME = AccentColor;
				CODE_SIGN_STYLE = Automatic;
				CURRENT_PROJECT_VERSION = 1;
				DEVELOPMENT_ASSET_PATHS = "\"iTuneStoreSearchMusic/Preview Content\"";
				ENABLE_PREVIEWS = YES;
				GENERATE_INFOPLIST_FILE = YES;
				INFOPLIST_KEY_UIApplicationSceneManifest_Generation = YES;
				INFOPLIST_KEY_UIApplicationSupportsIndirectInputEvents = YES;
				INFOPLIST_KEY_UILaunchScreen_Generation = YES;
				INFOPLIST_KEY_UISupportedInterfaceOrientations_iPad = "UIInterfaceOrientationPortrait UIInterfaceOrientationPortraitUpsideDown UIInterfaceOrientationLandscapeLeft UIInterfaceOrientationLandscapeRight";
				INFOPLIST_KEY_UISupportedInterfaceOrientations_iPhone = "UIInterfaceOrientationPortrait UIInterfaceOrientationLandscapeLeft UIInterfaceOrientationLandscapeRight";
				IPHONEOS_DEPLOYMENT_TARGET = 15.0;
				LD_RUNPATH_SEARCH_PATHS = (
					"$(inherited)",
					"@executable_path/Frameworks",
				);
				MARKETING_VERSION = 1.0;
				PRODUCT_BUNDLE_IDENTIFIER = com.Leo.iTuneStoreSearchMusic;
				PRODUCT_NAME = "$(TARGET_NAME)";
				SWIFT_EMIT_LOC_STRINGS = YES;
				SWIFT_VERSION = 5.0;
				TARGETED_DEVICE_FAMILY = "1,2";
			};
			name = Release;
		};
		335F7E0228F58020006E1529 /* Debug */ = {
			isa = XCBuildConfiguration;
			buildSettings = {
				ALWAYS_EMBED_SWIFT_STANDARD_LIBRARIES = YES;
				BUNDLE_LOADER = "$(TEST_HOST)";
				CODE_SIGN_STYLE = Automatic;
				CURRENT_PROJECT_VERSION = 1;
				GENERATE_INFOPLIST_FILE = YES;
				IPHONEOS_DEPLOYMENT_TARGET = 16.0;
				MARKETING_VERSION = 1.0;
				PRODUCT_BUNDLE_IDENTIFIER = com.Leo.iTuneStoreSearchMusicTests;
				PRODUCT_NAME = "$(TARGET_NAME)";
				SWIFT_EMIT_LOC_STRINGS = NO;
				SWIFT_VERSION = 5.0;
				TARGETED_DEVICE_FAMILY = "1,2";
				TEST_HOST = "$(BUILT_PRODUCTS_DIR)/iTuneStoreSearchMusic.app/$(BUNDLE_EXECUTABLE_FOLDER_PATH)/iTuneStoreSearchMusic";
			};
			name = Debug;
		};
		335F7E0328F58020006E1529 /* Release */ = {
			isa = XCBuildConfiguration;
			buildSettings = {
				ALWAYS_EMBED_SWIFT_STANDARD_LIBRARIES = YES;
				BUNDLE_LOADER = "$(TEST_HOST)";
				CODE_SIGN_STYLE = Automatic;
				CURRENT_PROJECT_VERSION = 1;
				GENERATE_INFOPLIST_FILE = YES;
				IPHONEOS_DEPLOYMENT_TARGET = 16.0;
				MARKETING_VERSION = 1.0;
				PRODUCT_BUNDLE_IDENTIFIER = com.Leo.iTuneStoreSearchMusicTests;
				PRODUCT_NAME = "$(TARGET_NAME)";
				SWIFT_EMIT_LOC_STRINGS = NO;
				SWIFT_VERSION = 5.0;
				TARGETED_DEVICE_FAMILY = "1,2";
				TEST_HOST = "$(BUILT_PRODUCTS_DIR)/iTuneStoreSearchMusic.app/$(BUNDLE_EXECUTABLE_FOLDER_PATH)/iTuneStoreSearchMusic";
			};
			name = Release;
		};
		335F7E0528F58020006E1529 /* Debug */ = {
			isa = XCBuildConfiguration;
			buildSettings = {
				ALWAYS_EMBED_SWIFT_STANDARD_LIBRARIES = YES;
				CODE_SIGN_STYLE = Automatic;
				CURRENT_PROJECT_VERSION = 1;
				GENERATE_INFOPLIST_FILE = YES;
				MARKETING_VERSION = 1.0;
				PRODUCT_BUNDLE_IDENTIFIER = com.Leo.iTuneStoreSearchMusicUITests;
				PRODUCT_NAME = "$(TARGET_NAME)";
				SWIFT_EMIT_LOC_STRINGS = NO;
				SWIFT_VERSION = 5.0;
				TARGETED_DEVICE_FAMILY = "1,2";
				TEST_TARGET_NAME = iTuneStoreSearchMusic;
			};
			name = Debug;
		};
		335F7E0628F58020006E1529 /* Release */ = {
			isa = XCBuildConfiguration;
			buildSettings = {
				ALWAYS_EMBED_SWIFT_STANDARD_LIBRARIES = YES;
				CODE_SIGN_STYLE = Automatic;
				CURRENT_PROJECT_VERSION = 1;
				GENERATE_INFOPLIST_FILE = YES;
				MARKETING_VERSION = 1.0;
				PRODUCT_BUNDLE_IDENTIFIER = com.Leo.iTuneStoreSearchMusicUITests;
				PRODUCT_NAME = "$(TARGET_NAME)";
				SWIFT_EMIT_LOC_STRINGS = NO;
				SWIFT_VERSION = 5.0;
				TARGETED_DEVICE_FAMILY = "1,2";
				TEST_TARGET_NAME = iTuneStoreSearchMusic;
			};
			name = Release;
		};
/* End XCBuildConfiguration section */

/* Begin XCConfigurationList section */
		335F7DD528F5801D006E1529 /* Build configuration list for PBXProject "iTuneStoreSearchMusic" */ = {
			isa = XCConfigurationList;
			buildConfigurations = (
				335F7DFC28F58020006E1529 /* Debug */,
				335F7DFD28F58020006E1529 /* Release */,
			);
			defaultConfigurationIsVisible = 0;
			defaultConfigurationName = Release;
		};
		335F7DFE28F58020006E1529 /* Build configuration list for PBXNativeTarget "iTuneStoreSearchMusic" */ = {
			isa = XCConfigurationList;
			buildConfigurations = (
				335F7DFF28F58020006E1529 /* Debug */,
				335F7E0028F58020006E1529 /* Release */,
			);
			defaultConfigurationIsVisible = 0;
			defaultConfigurationName = Release;
		};
		335F7E0128F58020006E1529 /* Build configuration list for PBXNativeTarget "iTuneStoreSearchMusicTests" */ = {
			isa = XCConfigurationList;
			buildConfigurations = (
				335F7E0228F58020006E1529 /* Debug */,
				335F7E0328F58020006E1529 /* Release */,
			);
			defaultConfigurationIsVisible = 0;
			defaultConfigurationName = Release;
		};
		335F7E0428F58020006E1529 /* Build configuration list for PBXNativeTarget "iTuneStoreSearchMusicUITests" */ = {
			isa = XCConfigurationList;
			buildConfigurations = (
				335F7E0528F58020006E1529 /* Debug */,
				335F7E0628F58020006E1529 /* Release */,
			);
			defaultConfigurationIsVisible = 0;
			defaultConfigurationName = Release;
		};
/* End XCConfigurationList section */
	};
	rootObject = 335F7DD228F5801D006E1529 /* Project object */;
}
